
Microsoft Visual Studio Solution File, Format Version 12.00
# Visual Studio Version 17
VisualStudioVersion = 17.0.31903.59
MinimumVisualStudioVersion = 10.0.40219.1
Project("{2150E333-8FDC-42A3-9474-1A3956D46DE8}") = "src", "src", "{827E0CD3-B72D-47B6-A68D-7590B98EB39B}"
EndProject
Project("{2150E333-8FDC-42A3-9474-1A3956D46DE8}") = "BuildingBlocks", "BuildingBlocks", "{90298CBA-BD6F-3A0A-69D5-97CAD7B05E7E}"
EndProject
Project("{FAE04EC0-301F-11D3-BF4B-00C04F79EFBC}") = "Contracts", "src\BuildingBlocks\Contracts\Contracts.csproj", "{8DE198E7-2D25-4E60-BF56-FA8820ABAC16}"
EndProject
Project("{2150E333-8FDC-42A3-9474-1A3956D46DE8}") = "Services", "Services", "{984BB9B3-3FA3-BE33-9484-CAC21695A33C}"
EndProject
Project("{FAE04EC0-301F-11D3-BF4B-00C04F79EFBC}") = "Gateway", "src\Services\Gateway\Gateway.csproj", "{BB6B2024-0BA7-499E-B469-BF330C963560}"
EndProject
Project("{FAE04EC0-301F-11D3-BF4B-00C04F79EFBC}") = "OrderService", "src\Services\OrderService\OrderService.csproj", "{87F50C3C-E9EA-4717-9A78-2FBA2A35BC6F}"
EndProject
Project("{FAE04EC0-301F-11D3-BF4B-00C04F79EFBC}") = "PaymentService", "src\Services\PaymentService\PaymentService.csproj", "{734BB07A-638A-4B4C-A6BD-A1B5DC42EEFA}"
EndProject
Project("{FAE04EC0-301F-11D3-BF4B-00C04F79EFBC}") = "ProductService", "src\Services\ProductService\ProductService.csproj", "{8C50937C-68C5-4723-9AB3-92AA4EF59236}"
EndProject
Project("{FAE04EC0-301F-11D3-BF4B-00C04F79EFBC}") = "CartService", "src\Services\CartService\CartService.csproj", "{CDF7E765-475D-4DDC-A6BA-BEDE91F3F663}"
EndProject
Project("{FAE04EC0-301F-11D3-BF4B-00C04F79EFBC}") = "UserService", "src\Services\UserService\UserService.csproj", "{7B261590-7C05-4987-ADB4-25B19FCA0EC6}"
EndProject
Project("{FAE04EC0-301F-11D3-BF4B-00C04F79EFBC}") = "InventoryService", "src\Services\InventoryService\InventoryService.csproj", "{7B65C30F-4A70-4E91-98F3-F7D6A9F06A18}"
EndProject
Project("{FAE04EC0-301F-11D3-BF4B-00C04F79EFBC}") = "ShippingService", "src\Services\ShippingService\ShippingService.csproj", "{B8D6498C-E025-40C2-881E-FC09B0F500F5}"
EndProject
Project("{FAE04EC0-301F-11D3-BF4B-00C04F79EFBC}") = "HistoryService", "src\Services\HistoryService\HistoryService.csproj", "{6833AA5D-A7BE-4727-BDAA-1AD9A90AFF66}"
EndProject
Project("{FAE04EC0-301F-11D3-BF4B-00C04F79EFBC}") = "EmailService", "src\Services\EmailService\EmailService.csproj", "{2EEB392F-9A3D-4819-9644-ABA399809456}"
EndProject
Project("{2150E333-8FDC-42A3-9474-1A3956D46DE8}") = "tests", "tests", "{0AB3BF05-4346-4AA6-1389-037BE0695223}"
EndProject
Project("{FAE04EC0-301F-11D3-BF4B-00C04F79EFBC}") = "ApiVersioning.Tests", "tests\ApiVersioning.Tests\ApiVersioning.Tests.csproj", "{88414D44-8808-4CD8-BBA2-4BE43C184912}"
EndProject
Project("{FAE04EC0-301F-11D3-BF4B-00C04F79EFBC}") = "Gateway.Tests", "tests\Gateway.Tests\Gateway.Tests.csproj", "{A13C0585-55FC-4539-9F92-58CA3E5545F7}"
EndProject
Project("{FAE04EC0-301F-11D3-BF4B-00C04F79EFBC}") = "OrderService.Tests", "tests\OrderService.Tests\OrderService.Tests.csproj", "{604F3316-712C-4FC2-8C6A-659F4C0D620F}"
EndProject
Project("{FAE04EC0-301F-11D3-BF4B-00C04F79EFBC}") = "PaymentService.Tests", "tests\PaymentService.Tests\PaymentService.Tests.csproj", "{556A37E6-4966-4147-B5C4-BEA2D18A53F2}"
EndProject
Project("{FAE04EC0-301F-11D3-BF4B-00C04F79EFBC}") = "ProductService.Tests", "tests\ProductService.Tests\ProductService.Tests.csproj", "{F9518273-BBD6-4D03-B3E3-A75F16DA8EA6}"
EndProject
Project("{FAE04EC0-301F-11D3-BF4B-00C04F79EFBC}") = "CartService.Tests", "tests\CartService.Tests\CartService.Tests.csproj", "{906DF211-4878-4414-8D26-A6F346F7D9BD}"
EndProject
Project("{FAE04EC0-301F-11D3-BF4B-00C04F79EFBC}") = "UserService.Tests", "tests\UserService.Tests\UserService.Tests.csproj", "{3FB82DB9-9FE4-4C1A-9E60-AD65D0B456FE}"
EndProject
Project("{FAE04EC0-301F-11D3-BF4B-00C04F79EFBC}") = "InventoryService.Tests", "tests\InventoryService.Tests\InventoryService.Tests.csproj", "{A10DAB3D-AD03-4090-A730-D3A37ECAE442}"
EndProject
Project("{FAE04EC0-301F-11D3-BF4B-00C04F79EFBC}") = "ShippingService.Tests", "tests\ShippingService.Tests\ShippingService.Tests.csproj", "{4AA3BF2D-AFEA-429B-92F1-2F1E265D9215}"
EndProject
Project("{FAE04EC0-301F-11D3-BF4B-00C04F79EFBC}") = "HistoryService.Tests", "tests\HistoryService.Tests\HistoryService.Tests.csproj", "{E9BD4A14-9AD2-4EC0-BE9A-7D7CA003364A}"
EndProject
Project("{FAE04EC0-301F-11D3-BF4B-00C04F79EFBC}") = "EmailService.Tests", "tests\EmailService.Tests\EmailService.Tests.csproj", "{E37904E6-8A71-42CC-ACBE-F0D8F3B3660A}"
EndProject
Project("{FAE04EC0-301F-11D3-BF4B-00C04F79EFBC}") = "EndToEnd.Tests", "tests\EndToEnd.Tests\EndToEnd.Tests.csproj", "{C79CB474-8911-4B36-90F1-DA927BC0F30B}"
EndProject
Project("{2150E333-8FDC-42A3-9474-1A3956D46DE8}") = "tools", "tools", "{07C2787E-EAC7-C090-1BA3-A61EC2A24D84}"
EndProject
Project("{FAE04EC0-301F-11D3-BF4B-00C04F79EFBC}") = "CheckoutSimulator", "tools\CheckoutSimulator\CheckoutSimulator.csproj", "{FA6DDFCB-D968-4F31-99AB-3566D1A4621A}"
EndProject
Global
	GlobalSection(SolutionConfigurationPlatforms) = preSolution
		Debug|Any CPU = Debug|Any CPU
		Debug|x64 = Debug|x64
		Debug|x86 = Debug|x86
		Release|Any CPU = Release|Any CPU
		Release|x64 = Release|x64
		Release|x86 = Release|x86
	EndGlobalSection
	GlobalSection(ProjectConfigurationPlatforms) = postSolution
		{8DE198E7-2D25-4E60-BF56-FA8820ABAC16}.Debug|Any CPU.ActiveCfg = Debug|Any CPU
		{8DE198E7-2D25-4E60-BF56-FA8820ABAC16}.Debug|Any CPU.Build.0 = Debug|Any CPU
		{8DE198E7-2D25-4E60-BF56-FA8820ABAC16}.Debug|x64.ActiveCfg = Debug|Any CPU
		{8DE198E7-2D25-4E60-BF56-FA8820ABAC16}.Debug|x64.Build.0 = Debug|Any CPU
		{8DE198E7-2D25-4E60-BF56-FA8820ABAC16}.Debug|x86.ActiveCfg = Debug|Any CPU
		{8DE198E7-2D25-4E60-BF56-FA8820ABAC16}.Debug|x86.Build.0 = Debug|Any CPU
		{8DE198E7-2D25-4E60-BF56-FA8820ABAC16}.Release|Any CPU.ActiveCfg = Release|Any CPU
		{8DE198E7-2D25-4E60-BF56-FA8820ABAC16}.Release|Any CPU.Build.0 = Release|Any CPU
		{8DE198E7-2D25-4E60-BF56-FA8820ABAC16}.Release|x64.ActiveCfg = Release|Any CPU
		{8DE198E7-2D25-4E60-BF56-FA8820ABAC16}.Release|x64.Build.0 = Release|Any CPU
		{8DE198E7-2D25-4E60-BF56-FA8820ABAC16}.Release|x86.ActiveCfg = Release|Any CPU
		{8DE198E7-2D25-4E60-BF56-FA8820ABAC16}.Release|x86.Build.0 = Release|Any CPU
		{BB6B2024-0BA7-499E-B469-BF330C963560}.Debug|Any CPU.ActiveCfg = Debug|Any CPU
		{BB6B2024-0BA7-499E-B469-BF330C963560}.Debug|Any CPU.Build.0 = Debug|Any CPU
		{BB6B2024-0BA7-499E-B469-BF330C963560}.Debug|x64.ActiveCfg = Debug|Any CPU
		{BB6B2024-0BA7-499E-B469-BF330C963560}.Debug|x64.Build.0 = Debug|Any CPU
		{BB6B2024-0BA7-499E-B469-BF330C963560}.Debug|x86.ActiveCfg = Debug|Any CPU
		{BB6B2024-0BA7-499E-B469-BF330C963560}.Debug|x86.Build.0 = Debug|Any CPU
		{BB6B2024-0BA7-499E-B469-BF330C963560}.Release|Any CPU.ActiveCfg = Release|Any CPU
		{BB6B2024-0BA7-499E-B469-BF330C963560}.Release|Any CPU.Build.0 = Release|Any CPU
		{BB6B2024-0BA7-499E-B469-BF330C963560}.Release|x64.ActiveCfg = Release|Any CPU
		{BB6B2024-0BA7-499E-B469-BF330C963560}.Release|x64.Build.0 = Release|Any CPU
		{BB6B2024-0BA7-499E-B469-BF330C963560}.Release|x86.ActiveCfg = Release|Any CPU
		{BB6B2024-0BA7-499E-B469-BF330C963560}.Release|x86.Build.0 = Release|Any CPU
		{87F50C3C-E9EA-4717-9A78-2FBA2A35BC6F}.Debug|Any CPU.ActiveCfg = Debug|Any CPU
		{87F50C3C-E9EA-4717-9A78-2FBA2A35BC6F}.Debug|Any CPU.Build.0 = Debug|Any CPU
		{87F50C3C-E9EA-4717-9A78-2FBA2A35BC6F}.Debug|x64.ActiveCfg = Debug|Any CPU
		{87F50C3C-E9EA-4717-9A78-2FBA2A35BC6F}.Debug|x64.Build.0 = Debug|Any CPU
		{87F50C3C-E9EA-4717-9A78-2FBA2A35BC6F}.Debug|x86.ActiveCfg = Debug|Any CPU
		{87F50C3C-E9EA-4717-9A78-2FBA2A35BC6F}.Debug|x86.Build.0 = Debug|Any CPU
		{87F50C3C-E9EA-4717-9A78-2FBA2A35BC6F}.Release|Any CPU.ActiveCfg = Release|Any CPU
		{87F50C3C-E9EA-4717-9A78-2FBA2A35BC6F}.Release|Any CPU.Build.0 = Release|Any CPU
		{87F50C3C-E9EA-4717-9A78-2FBA2A35BC6F}.Release|x64.ActiveCfg = Release|Any CPU
		{87F50C3C-E9EA-4717-9A78-2FBA2A35BC6F}.Release|x64.Build.0 = Release|Any CPU
		{87F50C3C-E9EA-4717-9A78-2FBA2A35BC6F}.Release|x86.ActiveCfg = Release|Any CPU
		{87F50C3C-E9EA-4717-9A78-2FBA2A35BC6F}.Release|x86.Build.0 = Release|Any CPU
		{734BB07A-638A-4B4C-A6BD-A1B5DC42EEFA}.Debug|Any CPU.ActiveCfg = Debug|Any CPU
		{734BB07A-638A-4B4C-A6BD-A1B5DC42EEFA}.Debug|Any CPU.Build.0 = Debug|Any CPU
		{734BB07A-638A-4B4C-A6BD-A1B5DC42EEFA}.Debug|x64.ActiveCfg = Debug|Any CPU
		{734BB07A-638A-4B4C-A6BD-A1B5DC42EEFA}.Debug|x64.Build.0 = Debug|Any CPU
		{734BB07A-638A-4B4C-A6BD-A1B5DC42EEFA}.Debug|x86.ActiveCfg = Debug|Any CPU
		{734BB07A-638A-4B4C-A6BD-A1B5DC42EEFA}.Debug|x86.Build.0 = Debug|Any CPU
		{734BB07A-638A-4B4C-A6BD-A1B5DC42EEFA}.Release|Any CPU.ActiveCfg = Release|Any CPU
		{734BB07A-638A-4B4C-A6BD-A1B5DC42EEFA}.Release|Any CPU.Build.0 = Release|Any CPU
		{734BB07A-638A-4B4C-A6BD-A1B5DC42EEFA}.Release|x64.ActiveCfg = Release|Any CPU
		{734BB07A-638A-4B4C-A6BD-A1B5DC42EEFA}.Release|x64.Build.0 = Release|Any CPU
		{734BB07A-638A-4B4C-A6BD-A1B5DC42EEFA}.Release|x86.ActiveCfg = Release|Any CPU
		{734BB07A-638A-4B4C-A6BD-A1B5DC42EEFA}.Release|x86.Build.0 = Release|Any CPU
		{8C50937C-68C5-4723-9AB3-92AA4EF59236}.Debug|Any CPU.ActiveCfg = Debug|Any CPU
		{8C50937C-68C5-4723-9AB3-92AA4EF59236}.Debug|Any CPU.Build.0 = Debug|Any CPU
		{8C50937C-68C5-4723-9AB3-92AA4EF59236}.Debug|x64.ActiveCfg = Debug|Any CPU
		{8C50937C-68C5-4723-9AB3-92AA4EF59236}.Debug|x64.Build.0 = Debug|Any CPU
		{8C50937C-68C5-4723-9AB3-92AA4EF59236}.Debug|x86.ActiveCfg = Debug|Any CPU
		{8C50937C-68C5-4723-9AB3-92AA4EF59236}.Debug|x86.Build.0 = Debug|Any CPU
		{8C50937C-68C5-4723-9AB3-92AA4EF59236}.Release|Any CPU.ActiveCfg = Release|Any CPU
		{8C50937C-68C5-4723-9AB3-92AA4EF59236}.Release|Any CPU.Build.0 = Release|Any CPU
		{8C50937C-68C5-4723-9AB3-92AA4EF59236}.Release|x64.ActiveCfg = Release|Any CPU
		{8C50937C-68C5-4723-9AB3-92AA4EF59236}.Release|x64.Build.0 = Release|Any CPU
		{8C50937C-68C5-4723-9AB3-92AA4EF59236}.Release|x86.ActiveCfg = Release|Any CPU
		{8C50937C-68C5-4723-9AB3-92AA4EF59236}.Release|x86.Build.0 = Release|Any CPU
		{CDF7E765-475D-4DDC-A6BA-BEDE91F3F663}.Debug|Any CPU.ActiveCfg = Debug|Any CPU
		{CDF7E765-475D-4DDC-A6BA-BEDE91F3F663}.Debug|Any CPU.Build.0 = Debug|Any CPU
		{CDF7E765-475D-4DDC-A6BA-BEDE91F3F663}.Debug|x64.ActiveCfg = Debug|Any CPU
		{CDF7E765-475D-4DDC-A6BA-BEDE91F3F663}.Debug|x64.Build.0 = Debug|Any CPU
		{CDF7E765-475D-4DDC-A6BA-BEDE91F3F663}.Debug|x86.ActiveCfg = Debug|Any CPU
		{CDF7E765-475D-4DDC-A6BA-BEDE91F3F663}.Debug|x86.Build.0 = Debug|Any CPU
		{CDF7E765-475D-4DDC-A6BA-BEDE91F3F663}.Release|Any CPU.ActiveCfg = Release|Any CPU
		{CDF7E765-475D-4DDC-A6BA-BEDE91F3F663}.Release|Any CPU.Build.0 = Release|Any CPU
		{CDF7E765-475D-4DDC-A6BA-BEDE91F3F663}.Release|x64.ActiveCfg = Release|Any CPU
		{CDF7E765-475D-4DDC-A6BA-BEDE91F3F663}.Release|x64.Build.0 = Release|Any CPU
		{CDF7E765-475D-4DDC-A6BA-BEDE91F3F663}.Release|x86.ActiveCfg = Release|Any CPU
		{CDF7E765-475D-4DDC-A6BA-BEDE91F3F663}.Release|x86.Build.0 = Release|Any CPU
		{7B261590-7C05-4987-ADB4-25B19FCA0EC6}.Debug|Any CPU.ActiveCfg = Debug|Any CPU
		{7B261590-7C05-4987-ADB4-25B19FCA0EC6}.Debug|Any CPU.Build.0 = Debug|Any CPU
		{7B261590-7C05-4987-ADB4-25B19FCA0EC6}.Debug|x64.ActiveCfg = Debug|Any CPU
		{7B261590-7C05-4987-ADB4-25B19FCA0EC6}.Debug|x64.Build.0 = Debug|Any CPU
		{7B261590-7C05-4987-ADB4-25B19FCA0EC6}.Debug|x86.ActiveCfg = Debug|Any CPU
		{7B261590-7C05-4987-ADB4-25B19FCA0EC6}.Debug|x86.Build.0 = Debug|Any CPU
		{7B261590-7C05-4987-ADB4-25B19FCA0EC6}.Release|Any CPU.ActiveCfg = Release|Any CPU
		{7B261590-7C05-4987-ADB4-25B19FCA0EC6}.Release|Any CPU.Build.0 = Release|Any CPU
		{7B261590-7C05-4987-ADB4-25B19FCA0EC6}.Release|x64.ActiveCfg = Release|Any CPU
		{7B261590-7C05-4987-ADB4-25B19FCA0EC6}.Release|x64.Build.0 = Release|Any CPU
		{7B261590-7C05-4987-ADB4-25B19FCA0EC6}.Release|x86.ActiveCfg = Release|Any CPU
		{7B261590-7C05-4987-ADB4-25B19FCA0EC6}.Release|x86.Build.0 = Release|Any CPU
		{7B65C30F-4A70-4E91-98F3-F7D6A9F06A18}.Debug|Any CPU.ActiveCfg = Debug|Any CPU
		{7B65C30F-4A70-4E91-98F3-F7D6A9F06A18}.Debug|Any CPU.Build.0 = Debug|Any CPU
		{7B65C30F-4A70-4E91-98F3-F7D6A9F06A18}.Debug|x64.ActiveCfg = Debug|Any CPU
		{7B65C30F-4A70-4E91-98F3-F7D6A9F06A18}.Debug|x64.Build.0 = Debug|Any CPU
		{7B65C30F-4A70-4E91-98F3-F7D6A9F06A18}.Debug|x86.ActiveCfg = Debug|Any CPU
		{7B65C30F-4A70-4E91-98F3-F7D6A9F06A18}.Debug|x86.Build.0 = Debug|Any CPU
		{7B65C30F-4A70-4E91-98F3-F7D6A9F06A18}.Release|Any CPU.ActiveCfg = Release|Any CPU
		{7B65C30F-4A70-4E91-98F3-F7D6A9F06A18}.Release|Any CPU.Build.0 = Release|Any CPU
		{7B65C30F-4A70-4E91-98F3-F7D6A9F06A18}.Release|x64.ActiveCfg = Release|Any CPU
		{7B65C30F-4A70-4E91-98F3-F7D6A9F06A18}.Release|x64.Build.0 = Release|Any CPU
		{7B65C30F-4A70-4E91-98F3-F7D6A9F06A18}.Release|x86.ActiveCfg = Release|Any CPU
		{7B65C30F-4A70-4E91-98F3-F7D6A9F06A18}.Release|x86.Build.0 = Release|Any CPU
		{B8D6498C-E025-40C2-881E-FC09B0F500F5}.Debug|Any CPU.ActiveCfg = Debug|Any CPU
		{B8D6498C-E025-40C2-881E-FC09B0F500F5}.Debug|Any CPU.Build.0 = Debug|Any CPU
		{B8D6498C-E025-40C2-881E-FC09B0F500F5}.Debug|x64.ActiveCfg = Debug|Any CPU
		{B8D6498C-E025-40C2-881E-FC09B0F500F5}.Debug|x64.Build.0 = Debug|Any CPU
		{B8D6498C-E025-40C2-881E-FC09B0F500F5}.Debug|x86.ActiveCfg = Debug|Any CPU
		{B8D6498C-E025-40C2-881E-FC09B0F500F5}.Debug|x86.Build.0 = Debug|Any CPU
		{B8D6498C-E025-40C2-881E-FC09B0F500F5}.Release|Any CPU.ActiveCfg = Release|Any CPU
		{B8D6498C-E025-40C2-881E-FC09B0F500F5}.Release|Any CPU.Build.0 = Release|Any CPU
		{B8D6498C-E025-40C2-881E-FC09B0F500F5}.Release|x64.ActiveCfg = Release|Any CPU
		{B8D6498C-E025-40C2-881E-FC09B0F500F5}.Release|x64.Build.0 = Release|Any CPU
		{B8D6498C-E025-40C2-881E-FC09B0F500F5}.Release|x86.ActiveCfg = Release|Any CPU
		{B8D6498C-E025-40C2-881E-FC09B0F500F5}.Release|x86.Build.0 = Release|Any CPU
		{6833AA5D-A7BE-4727-BDAA-1AD9A90AFF66}.Debug|Any CPU.ActiveCfg = Debug|Any CPU
		{6833AA5D-A7BE-4727-BDAA-1AD9A90AFF66}.Debug|Any CPU.Build.0 = Debug|Any CPU
		{6833AA5D-A7BE-4727-BDAA-1AD9A90AFF66}.Debug|x64.ActiveCfg = Debug|Any CPU
		{6833AA5D-A7BE-4727-BDAA-1AD9A90AFF66}.Debug|x64.Build.0 = Debug|Any CPU
		{6833AA5D-A7BE-4727-BDAA-1AD9A90AFF66}.Debug|x86.ActiveCfg = Debug|Any CPU
		{6833AA5D-A7BE-4727-BDAA-1AD9A90AFF66}.Debug|x86.Build.0 = Debug|Any CPU
		{6833AA5D-A7BE-4727-BDAA-1AD9A90AFF66}.Release|Any CPU.ActiveCfg = Release|Any CPU
		{6833AA5D-A7BE-4727-BDAA-1AD9A90AFF66}.Release|Any CPU.Build.0 = Release|Any CPU
		{6833AA5D-A7BE-4727-BDAA-1AD9A90AFF66}.Release|x64.ActiveCfg = Release|Any CPU
		{6833AA5D-A7BE-4727-BDAA-1AD9A90AFF66}.Release|x64.Build.0 = Release|Any CPU
		{6833AA5D-A7BE-4727-BDAA-1AD9A90AFF66}.Release|x86.ActiveCfg = Release|Any CPU
		{6833AA5D-A7BE-4727-BDAA-1AD9A90AFF66}.Release|x86.Build.0 = Release|Any CPU
		{2EEB392F-9A3D-4819-9644-ABA399809456}.Debug|Any CPU.ActiveCfg = Debug|Any CPU
		{2EEB392F-9A3D-4819-9644-ABA399809456}.Debug|Any CPU.Build.0 = Debug|Any CPU
		{2EEB392F-9A3D-4819-9644-ABA399809456}.Debug|x64.ActiveCfg = Debug|Any CPU
		{2EEB392F-9A3D-4819-9644-ABA399809456}.Debug|x64.Build.0 = Debug|Any CPU
		{2EEB392F-9A3D-4819-9644-ABA399809456}.Debug|x86.ActiveCfg = Debug|Any CPU
		{2EEB392F-9A3D-4819-9644-ABA399809456}.Debug|x86.Build.0 = Debug|Any CPU
		{2EEB392F-9A3D-4819-9644-ABA399809456}.Release|Any CPU.ActiveCfg = Release|Any CPU
		{2EEB392F-9A3D-4819-9644-ABA399809456}.Release|Any CPU.Build.0 = Release|Any CPU
		{2EEB392F-9A3D-4819-9644-ABA399809456}.Release|x64.ActiveCfg = Release|Any CPU
		{2EEB392F-9A3D-4819-9644-ABA399809456}.Release|x64.Build.0 = Release|Any CPU
		{2EEB392F-9A3D-4819-9644-ABA399809456}.Release|x86.ActiveCfg = Release|Any CPU
		{2EEB392F-9A3D-4819-9644-ABA399809456}.Release|x86.Build.0 = Release|Any CPU
		{88414D44-8808-4CD8-BBA2-4BE43C184912}.Debug|Any CPU.ActiveCfg = Debug|Any CPU
		{88414D44-8808-4CD8-BBA2-4BE43C184912}.Debug|Any CPU.Build.0 = Debug|Any CPU
		{88414D44-8808-4CD8-BBA2-4BE43C184912}.Debug|x64.ActiveCfg = Debug|Any CPU
		{88414D44-8808-4CD8-BBA2-4BE43C184912}.Debug|x64.Build.0 = Debug|Any CPU
		{88414D44-8808-4CD8-BBA2-4BE43C184912}.Debug|x86.ActiveCfg = Debug|Any CPU
		{88414D44-8808-4CD8-BBA2-4BE43C184912}.Debug|x86.Build.0 = Debug|Any CPU
		{88414D44-8808-4CD8-BBA2-4BE43C184912}.Release|Any CPU.ActiveCfg = Release|Any CPU
		{88414D44-8808-4CD8-BBA2-4BE43C184912}.Release|Any CPU.Build.0 = Release|Any CPU
		{88414D44-8808-4CD8-BBA2-4BE43C184912}.Release|x64.ActiveCfg = Release|Any CPU
		{88414D44-8808-4CD8-BBA2-4BE43C184912}.Release|x64.Build.0 = Release|Any CPU
		{88414D44-8808-4CD8-BBA2-4BE43C184912}.Release|x86.ActiveCfg = Release|Any CPU
		{88414D44-8808-4CD8-BBA2-4BE43C184912}.Release|x86.Build.0 = Release|Any CPU
		{A13C0585-55FC-4539-9F92-58CA3E5545F7}.Debug|Any CPU.ActiveCfg = Debug|Any CPU
		{A13C0585-55FC-4539-9F92-58CA3E5545F7}.Debug|Any CPU.Build.0 = Debug|Any CPU
		{A13C0585-55FC-4539-9F92-58CA3E5545F7}.Debug|x64.ActiveCfg = Debug|Any CPU
		{A13C0585-55FC-4539-9F92-58CA3E5545F7}.Debug|x64.Build.0 = Debug|Any CPU
		{A13C0585-55FC-4539-9F92-58CA3E5545F7}.Debug|x86.ActiveCfg = Debug|Any CPU
		{A13C0585-55FC-4539-9F92-58CA3E5545F7}.Debug|x86.Build.0 = Debug|Any CPU
		{A13C0585-55FC-4539-9F92-58CA3E5545F7}.Release|Any CPU.ActiveCfg = Release|Any CPU
		{A13C0585-55FC-4539-9F92-58CA3E5545F7}.Release|Any CPU.Build.0 = Release|Any CPU
		{A13C0585-55FC-4539-9F92-58CA3E5545F7}.Release|x64.ActiveCfg = Release|Any CPU
		{A13C0585-55FC-4539-9F92-58CA3E5545F7}.Release|x64.Build.0 = Release|Any CPU
		{A13C0585-55FC-4539-9F92-58CA3E5545F7}.Release|x86.ActiveCfg = Release|Any CPU
		{A13C0585-55FC-4539-9F92-58CA3E5545F7}.Release|x86.Build.0 = Release|Any CPU
		{604F3316-712C-4FC2-8C6A-659F4C0D620F}.Debug|Any CPU.ActiveCfg = Debug|Any CPU
		{604F3316-712C-4FC2-8C6A-659F4C0D620F}.Debug|Any CPU.Build.0 = Debug|Any CPU
		{604F3316-712C-4FC2-8C6A-659F4C0D620F}.Debug|x64.ActiveCfg = Debug|Any CPU
		{604F3316-712C-4FC2-8C6A-659F4C0D620F}.Debug|x64.Build.0 = Debug|Any CPU
		{604F3316-712C-4FC2-8C6A-659F4C0D620F}.Debug|x86.ActiveCfg = Debug|Any CPU
		{604F3316-712C-4FC2-8C6A-659F4C0D620F}.Debug|x86.Build.0 = Debug|Any CPU
		{604F3316-712C-4FC2-8C6A-659F4C0D620F}.Release|Any CPU.ActiveCfg = Release|Any CPU
		{604F3316-712C-4FC2-8C6A-659F4C0D620F}.Release|Any CPU.Build.0 = Release|Any CPU
		{604F3316-712C-4FC2-8C6A-659F4C0D620F}.Release|x64.ActiveCfg = Release|Any CPU
		{604F3316-712C-4FC2-8C6A-659F4C0D620F}.Release|x64.Build.0 = Release|Any CPU
		{604F3316-712C-4FC2-8C6A-659F4C0D620F}.Release|x86.ActiveCfg = Release|Any CPU
		{604F3316-712C-4FC2-8C6A-659F4C0D620F}.Release|x86.Build.0 = Release|Any CPU
		{556A37E6-4966-4147-B5C4-BEA2D18A53F2}.Debug|Any CPU.ActiveCfg = Debug|Any CPU
		{556A37E6-4966-4147-B5C4-BEA2D18A53F2}.Debug|Any CPU.Build.0 = Debug|Any CPU
		{556A37E6-4966-4147-B5C4-BEA2D18A53F2}.Debug|x64.ActiveCfg = Debug|Any CPU
		{556A37E6-4966-4147-B5C4-BEA2D18A53F2}.Debug|x64.Build.0 = Debug|Any CPU
		{556A37E6-4966-4147-B5C4-BEA2D18A53F2}.Debug|x86.ActiveCfg = Debug|Any CPU
		{556A37E6-4966-4147-B5C4-BEA2D18A53F2}.Debug|x86.Build.0 = Debug|Any CPU
		{556A37E6-4966-4147-B5C4-BEA2D18A53F2}.Release|Any CPU.ActiveCfg = Release|Any CPU
		{556A37E6-4966-4147-B5C4-BEA2D18A53F2}.Release|Any CPU.Build.0 = Release|Any CPU
		{556A37E6-4966-4147-B5C4-BEA2D18A53F2}.Release|x64.ActiveCfg = Release|Any CPU
		{556A37E6-4966-4147-B5C4-BEA2D18A53F2}.Release|x64.Build.0 = Release|Any CPU
		{556A37E6-4966-4147-B5C4-BEA2D18A53F2}.Release|x86.ActiveCfg = Release|Any CPU
		{556A37E6-4966-4147-B5C4-BEA2D18A53F2}.Release|x86.Build.0 = Release|Any CPU
		{F9518273-BBD6-4D03-B3E3-A75F16DA8EA6}.Debug|Any CPU.ActiveCfg = Debug|Any CPU
		{F9518273-BBD6-4D03-B3E3-A75F16DA8EA6}.Debug|Any CPU.Build.0 = Debug|Any CPU
		{F9518273-BBD6-4D03-B3E3-A75F16DA8EA6}.Debug|x64.ActiveCfg = Debug|Any CPU
		{F9518273-BBD6-4D03-B3E3-A75F16DA8EA6}.Debug|x64.Build.0 = Debug|Any CPU
		{F9518273-BBD6-4D03-B3E3-A75F16DA8EA6}.Debug|x86.ActiveCfg = Debug|Any CPU
		{F9518273-BBD6-4D03-B3E3-A75F16DA8EA6}.Debug|x86.Build.0 = Debug|Any CPU
		{F9518273-BBD6-4D03-B3E3-A75F16DA8EA6}.Release|Any CPU.ActiveCfg = Release|Any CPU
		{F9518273-BBD6-4D03-B3E3-A75F16DA8EA6}.Release|Any CPU.Build.0 = Release|Any CPU
		{F9518273-BBD6-4D03-B3E3-A75F16DA8EA6}.Release|x64.ActiveCfg = Release|Any CPU
		{F9518273-BBD6-4D03-B3E3-A75F16DA8EA6}.Release|x64.Build.0 = Release|Any CPU
		{F9518273-BBD6-4D03-B3E3-A75F16DA8EA6}.Release|x86.ActiveCfg = Release|Any CPU
		{F9518273-BBD6-4D03-B3E3-A75F16DA8EA6}.Release|x86.Build.0 = Release|Any CPU
		{906DF211-4878-4414-8D26-A6F346F7D9BD}.Debug|Any CPU.ActiveCfg = Debug|Any CPU
		{906DF211-4878-4414-8D26-A6F346F7D9BD}.Debug|Any CPU.Build.0 = Debug|Any CPU
		{906DF211-4878-4414-8D26-A6F346F7D9BD}.Debug|x64.ActiveCfg = Debug|Any CPU
		{906DF211-4878-4414-8D26-A6F346F7D9BD}.Debug|x64.Build.0 = Debug|Any CPU
		{906DF211-4878-4414-8D26-A6F346F7D9BD}.Debug|x86.ActiveCfg = Debug|Any CPU
		{906DF211-4878-4414-8D26-A6F346F7D9BD}.Debug|x86.Build.0 = Debug|Any CPU
		{906DF211-4878-4414-8D26-A6F346F7D9BD}.Release|Any CPU.ActiveCfg = Release|Any CPU
		{906DF211-4878-4414-8D26-A6F346F7D9BD}.Release|Any CPU.Build.0 = Release|Any CPU
		{906DF211-4878-4414-8D26-A6F346F7D9BD}.Release|x64.ActiveCfg = Release|Any CPU
		{906DF211-4878-4414-8D26-A6F346F7D9BD}.Release|x64.Build.0 = Release|Any CPU
		{906DF211-4878-4414-8D26-A6F346F7D9BD}.Release|x86.ActiveCfg = Release|Any CPU
		{906DF211-4878-4414-8D26-A6F346F7D9BD}.Release|x86.Build.0 = Release|Any CPU
		{3FB82DB9-9FE4-4C1A-9E60-AD65D0B456FE}.Debug|Any CPU.ActiveCfg = Debug|Any CPU
		{3FB82DB9-9FE4-4C1A-9E60-AD65D0B456FE}.Debug|Any CPU.Build.0 = Debug|Any CPU
		{3FB82DB9-9FE4-4C1A-9E60-AD65D0B456FE}.Debug|x64.ActiveCfg = Debug|Any CPU
		{3FB82DB9-9FE4-4C1A-9E60-AD65D0B456FE}.Debug|x64.Build.0 = Debug|Any CPU
		{3FB82DB9-9FE4-4C1A-9E60-AD65D0B456FE}.Debug|x86.ActiveCfg = Debug|Any CPU
		{3FB82DB9-9FE4-4C1A-9E60-AD65D0B456FE}.Debug|x86.Build.0 = Debug|Any CPU
		{3FB82DB9-9FE4-4C1A-9E60-AD65D0B456FE}.Release|Any CPU.ActiveCfg = Release|Any CPU
		{3FB82DB9-9FE4-4C1A-9E60-AD65D0B456FE}.Release|Any CPU.Build.0 = Release|Any CPU
		{3FB82DB9-9FE4-4C1A-9E60-AD65D0B456FE}.Release|x64.ActiveCfg = Release|Any CPU
		{3FB82DB9-9FE4-4C1A-9E60-AD65D0B456FE}.Release|x64.Build.0 = Release|Any CPU
		{3FB82DB9-9FE4-4C1A-9E60-AD65D0B456FE}.Release|x86.ActiveCfg = Release|Any CPU
		{3FB82DB9-9FE4-4C1A-9E60-AD65D0B456FE}.Release|x86.Build.0 = Release|Any CPU
		{A10DAB3D-AD03-4090-A730-D3A37ECAE442}.Debug|Any CPU.ActiveCfg = Debug|Any CPU
		{A10DAB3D-AD03-4090-A730-D3A37ECAE442}.Debug|Any CPU.Build.0 = Debug|Any CPU
		{A10DAB3D-AD03-4090-A730-D3A37ECAE442}.Debug|x64.ActiveCfg = Debug|Any CPU
		{A10DAB3D-AD03-4090-A730-D3A37ECAE442}.Debug|x64.Build.0 = Debug|Any CPU
		{A10DAB3D-AD03-4090-A730-D3A37ECAE442}.Debug|x86.ActiveCfg = Debug|Any CPU
		{A10DAB3D-AD03-4090-A730-D3A37ECAE442}.Debug|x86.Build.0 = Debug|Any CPU
		{A10DAB3D-AD03-4090-A730-D3A37ECAE442}.Release|Any CPU.ActiveCfg = Release|Any CPU
		{A10DAB3D-AD03-4090-A730-D3A37ECAE442}.Release|Any CPU.Build.0 = Release|Any CPU
		{A10DAB3D-AD03-4090-A730-D3A37ECAE442}.Release|x64.ActiveCfg = Release|Any CPU
		{A10DAB3D-AD03-4090-A730-D3A37ECAE442}.Release|x64.Build.0 = Release|Any CPU
		{A10DAB3D-AD03-4090-A730-D3A37ECAE442}.Release|x86.ActiveCfg = Release|Any CPU
		{A10DAB3D-AD03-4090-A730-D3A37ECAE442}.Release|x86.Build.0 = Release|Any CPU
		{4AA3BF2D-AFEA-429B-92F1-2F1E265D9215}.Debug|Any CPU.ActiveCfg = Debug|Any CPU
		{4AA3BF2D-AFEA-429B-92F1-2F1E265D9215}.Debug|Any CPU.Build.0 = Debug|Any CPU
		{4AA3BF2D-AFEA-429B-92F1-2F1E265D9215}.Debug|x64.ActiveCfg = Debug|Any CPU
		{4AA3BF2D-AFEA-429B-92F1-2F1E265D9215}.Debug|x64.Build.0 = Debug|Any CPU
		{4AA3BF2D-AFEA-429B-92F1-2F1E265D9215}.Debug|x86.ActiveCfg = Debug|Any CPU
		{4AA3BF2D-AFEA-429B-92F1-2F1E265D9215}.Debug|x86.Build.0 = Debug|Any CPU
		{4AA3BF2D-AFEA-429B-92F1-2F1E265D9215}.Release|Any CPU.ActiveCfg = Release|Any CPU
		{4AA3BF2D-AFEA-429B-92F1-2F1E265D9215}.Release|Any CPU.Build.0 = Release|Any CPU
		{4AA3BF2D-AFEA-429B-92F1-2F1E265D9215}.Release|x64.ActiveCfg = Release|Any CPU
		{4AA3BF2D-AFEA-429B-92F1-2F1E265D9215}.Release|x64.Build.0 = Release|Any CPU
		{4AA3BF2D-AFEA-429B-92F1-2F1E265D9215}.Release|x86.ActiveCfg = Release|Any CPU
		{4AA3BF2D-AFEA-429B-92F1-2F1E265D9215}.Release|x86.Build.0 = Release|Any CPU
		{E9BD4A14-9AD2-4EC0-BE9A-7D7CA003364A}.Debug|Any CPU.ActiveCfg = Debug|Any CPU
		{E9BD4A14-9AD2-4EC0-BE9A-7D7CA003364A}.Debug|Any CPU.Build.0 = Debug|Any CPU
		{E9BD4A14-9AD2-4EC0-BE9A-7D7CA003364A}.Debug|x64.ActiveCfg = Debug|Any CPU
		{E9BD4A14-9AD2-4EC0-BE9A-7D7CA003364A}.Debug|x64.Build.0 = Debug|Any CPU
		{E9BD4A14-9AD2-4EC0-BE9A-7D7CA003364A}.Debug|x86.ActiveCfg = Debug|Any CPU
		{E9BD4A14-9AD2-4EC0-BE9A-7D7CA003364A}.Debug|x86.Build.0 = Debug|Any CPU
		{E9BD4A14-9AD2-4EC0-BE9A-7D7CA003364A}.Release|Any CPU.ActiveCfg = Release|Any CPU
		{E9BD4A14-9AD2-4EC0-BE9A-7D7CA003364A}.Release|Any CPU.Build.0 = Release|Any CPU
		{E9BD4A14-9AD2-4EC0-BE9A-7D7CA003364A}.Release|x64.ActiveCfg = Release|Any CPU
		{E9BD4A14-9AD2-4EC0-BE9A-7D7CA003364A}.Release|x64.Build.0 = Release|Any CPU
		{E9BD4A14-9AD2-4EC0-BE9A-7D7CA003364A}.Release|x86.ActiveCfg = Release|Any CPU
		{E9BD4A14-9AD2-4EC0-BE9A-7D7CA003364A}.Release|x86.Build.0 = Release|Any CPU
		{E37904E6-8A71-42CC-ACBE-F0D8F3B3660A}.Debug|Any CPU.ActiveCfg = Debug|Any CPU
		{E37904E6-8A71-42CC-ACBE-F0D8F3B3660A}.Debug|Any CPU.Build.0 = Debug|Any CPU
		{E37904E6-8A71-42CC-ACBE-F0D8F3B3660A}.Debug|x64.ActiveCfg = Debug|Any CPU
		{E37904E6-8A71-42CC-ACBE-F0D8F3B3660A}.Debug|x64.Build.0 = Debug|Any CPU
		{E37904E6-8A71-42CC-ACBE-F0D8F3B3660A}.Debug|x86.ActiveCfg = Debug|Any CPU
		{E37904E6-8A71-42CC-ACBE-F0D8F3B3660A}.Debug|x86.Build.0 = Debug|Any CPU
		{E37904E6-8A71-42CC-ACBE-F0D8F3B3660A}.Release|Any CPU.ActiveCfg = Release|Any CPU
		{E37904E6-8A71-42CC-ACBE-F0D8F3B3660A}.Release|Any CPU.Build.0 = Release|Any CPU
		{E37904E6-8A71-42CC-ACBE-F0D8F3B3660A}.Release|x64.ActiveCfg = Release|Any CPU
		{E37904E6-8A71-42CC-ACBE-F0D8F3B3660A}.Release|x64.Build.0 = Release|Any CPU
		{E37904E6-8A71-42CC-ACBE-F0D8F3B3660A}.Release|x86.ActiveCfg = Release|Any CPU
		{E37904E6-8A71-42CC-ACBE-F0D8F3B3660A}.Release|x86.Build.0 = Release|Any CPU
		{C79CB474-8911-4B36-90F1-DA927BC0F30B}.Debug|Any CPU.ActiveCfg = Debug|Any CPU
		{C79CB474-8911-4B36-90F1-DA927BC0F30B}.Debug|Any CPU.Build.0 = Debug|Any CPU
		{C79CB474-8911-4B36-90F1-DA927BC0F30B}.Debug|x64.ActiveCfg = Debug|Any CPU
		{C79CB474-8911-4B36-90F1-DA927BC0F30B}.Debug|x64.Build.0 = Debug|Any CPU
		{C79CB474-8911-4B36-90F1-DA927BC0F30B}.Debug|x86.ActiveCfg = Debug|Any CPU
		{C79CB474-8911-4B36-90F1-DA927BC0F30B}.Debug|x86.Build.0 = Debug|Any CPU
		{C79CB474-8911-4B36-90F1-DA927BC0F30B}.Release|Any CPU.ActiveCfg = Release|Any CPU
		{C79CB474-8911-4B36-90F1-DA927BC0F30B}.Release|Any CPU.Build.0 = Release|Any CPU
		{C79CB474-8911-4B36-90F1-DA927BC0F30B}.Release|x64.ActiveCfg = Release|Any CPU
		{C79CB474-8911-4B36-90F1-DA927BC0F30B}.Release|x64.Build.0 = Release|Any CPU
		{C79CB474-8911-4B36-90F1-DA927BC0F30B}.Release|x86.ActiveCfg = Release|Any CPU
		{C79CB474-8911-4B36-90F1-DA927BC0F30B}.Release|x86.Build.0 = Release|Any CPU
		{FA6DDFCB-D968-4F31-99AB-3566D1A4621A}.Debug|Any CPU.ActiveCfg = Debug|Any CPU
		{FA6DDFCB-D968-4F31-99AB-3566D1A4621A}.Debug|Any CPU.Build.0 = Debug|Any CPU
		{FA6DDFCB-D968-4F31-99AB-3566D1A4621A}.Debug|x64.ActiveCfg = Debug|Any CPU
		{FA6DDFCB-D968-4F31-99AB-3566D1A4621A}.Debug|x64.Build.0 = Debug|Any CPU
		{FA6DDFCB-D968-4F31-99AB-3566D1A4621A}.Debug|x86.ActiveCfg = Debug|Any CPU
		{FA6DDFCB-D968-4F31-99AB-3566D1A4621A}.Debug|x86.Build.0 = Debug|Any CPU
		{FA6DDFCB-D968-4F31-99AB-3566D1A4621A}.Release|Any CPU.ActiveCfg = Release|Any CPU
		{FA6DDFCB-D968-4F31-99AB-3566D1A4621A}.Release|Any CPU.Build.0 = Release|Any CPU
		{FA6DDFCB-D968-4F31-99AB-3566D1A4621A}.Release|x64.ActiveCfg = Release|Any CPU
		{FA6DDFCB-D968-4F31-99AB-3566D1A4621A}.Release|x64.Build.0 = Release|Any CPU
		{FA6DDFCB-D968-4F31-99AB-3566D1A4621A}.Release|x86.ActiveCfg = Release|Any CPU
		{FA6DDFCB-D968-4F31-99AB-3566D1A4621A}.Release|x86.Build.0 = Release|Any CPU
	EndGlobalSection
	GlobalSection(SolutionProperties) = preSolution
		HideSolutionNode = FALSE
	EndGlobalSection
	GlobalSection(NestedProjects) = preSolution
		{90298CBA-BD6F-3A0A-69D5-97CAD7B05E7E} = {827E0CD3-B72D-47B6-A68D-7590B98EB39B}
		{8DE198E7-2D25-4E60-BF56-FA8820ABAC16} = {90298CBA-BD6F-3A0A-69D5-97CAD7B05E7E}
		{984BB9B3-3FA3-BE33-9484-CAC21695A33C} = {827E0CD3-B72D-47B6-A68D-7590B98EB39B}
		{BB6B2024-0BA7-499E-B469-BF330C963560} = {984BB9B3-3FA3-BE33-9484-CAC21695A33C}
		{87F50C3C-E9EA-4717-9A78-2FBA2A35BC6F} = {984BB9B3-3FA3-BE33-9484-CAC21695A33C}
		{734BB07A-638A-4B4C-A6BD-A1B5DC42EEFA} = {984BB9B3-3FA3-BE33-9484-CAC21695A33C}
		{8C50937C-68C5-4723-9AB3-92AA4EF59236} = {984BB9B3-3FA3-BE33-9484-CAC21695A33C}
		{CDF7E765-475D-4DDC-A6BA-BEDE91F3F663} = {984BB9B3-3FA3-BE33-9484-CAC21695A33C}
		{7B261590-7C05-4987-ADB4-25B19FCA0EC6} = {984BB9B3-3FA3-BE33-9484-CAC21695A33C}
		{7B65C30F-4A70-4E91-98F3-F7D6A9F06A18} = {984BB9B3-3FA3-BE33-9484-CAC21695A33C}
		{B8D6498C-E025-40C2-881E-FC09B0F500F5} = {984BB9B3-3FA3-BE33-9484-CAC21695A33C}
		{6833AA5D-A7BE-4727-BDAA-1AD9A90AFF66} = {984BB9B3-3FA3-BE33-9484-CAC21695A33C}
		{2EEB392F-9A3D-4819-9644-ABA399809456} = {984BB9B3-3FA3-BE33-9484-CAC21695A33C}
		{88414D44-8808-4CD8-BBA2-4BE43C184912} = {0AB3BF05-4346-4AA6-1389-037BE0695223}
		{A13C0585-55FC-4539-9F92-58CA3E5545F7} = {0AB3BF05-4346-4AA6-1389-037BE0695223}
		{604F3316-712C-4FC2-8C6A-659F4C0D620F} = {0AB3BF05-4346-4AA6-1389-037BE0695223}
		{556A37E6-4966-4147-B5C4-BEA2D18A53F2} = {0AB3BF05-4346-4AA6-1389-037BE0695223}
		{F9518273-BBD6-4D03-B3E3-A75F16DA8EA6} = {0AB3BF05-4346-4AA6-1389-037BE0695223}
		{906DF211-4878-4414-8D26-A6F346F7D9BD} = {0AB3BF05-4346-4AA6-1389-037BE0695223}
		{3FB82DB9-9FE4-4C1A-9E60-AD65D0B456FE} = {0AB3BF05-4346-4AA6-1389-037BE0695223}
		{A10DAB3D-AD03-4090-A730-D3A37ECAE442} = {0AB3BF05-4346-4AA6-1389-037BE0695223}
		{4AA3BF2D-AFEA-429B-92F1-2F1E265D9215} = {0AB3BF05-4346-4AA6-1389-037BE0695223}
		{E9BD4A14-9AD2-4EC0-BE9A-7D7CA003364A} = {0AB3BF05-4346-4AA6-1389-037BE0695223}
		{E37904E6-8A71-42CC-ACBE-F0D8F3B3660A} = {0AB3BF05-4346-4AA6-1389-037BE0695223}
		{C79CB474-8911-4B36-90F1-DA927BC0F30B} = {0AB3BF05-4346-4AA6-1389-037BE0695223}
		{FA6DDFCB-D968-4F31-99AB-3566D1A4621A} = {07C2787E-EAC7-C090-1BA3-A61EC2A24D84}
	EndGlobalSection
EndGlobal
